
Microsoft Visual Studio Solution File, Format Version 12.00
# Visual Studio Version 16
VisualStudioVersion = 16.0.29613.14
MinimumVisualStudioVersion = 10.0.40219.1
Project("{9A19103F-16F7-4668-BE54-9A1E7A4F7556}") = "FlightManager.Web", "FlightManager.Web\FlightManager.Web.csproj", "{940D7D8F-A558-4336-B5C2-D70A0E796BA9}"
EndProject
Project("{9A19103F-16F7-4668-BE54-9A1E7A4F7556}") = "FlightManager.Data", "FlightManager.Data\FlightManager.Data.csproj", "{F0AA33A6-1556-42D8-9B42-DD62EB759A44}"
EndProject
Project("{FAE04EC0-301F-11D3-BF4B-00C04F79EFBC}") = "FlightManager.EmailService", "FlightManager.EmailService\FlightManager.EmailService.csproj", "{59364E4F-32B0-458B-A4E3-10F3287F8BB8}"
EndProject
Global
	GlobalSection(SolutionConfigurationPlatforms) = preSolution
		Debug|Any CPU = Debug|Any CPU
		Release|Any CPU = Release|Any CPU
	EndGlobalSection
	GlobalSection(ProjectConfigurationPlatforms) = postSolution
		{940D7D8F-A558-4336-B5C2-D70A0E796BA9}.Debug|Any CPU.ActiveCfg = Debug|Any CPU
		{940D7D8F-A558-4336-B5C2-D70A0E796BA9}.Debug|Any CPU.Build.0 = Debug|Any CPU
		{940D7D8F-A558-4336-B5C2-D70A0E796BA9}.Release|Any CPU.ActiveCfg = Release|Any CPU
		{940D7D8F-A558-4336-B5C2-D70A0E796BA9}.Release|Any CPU.Build.0 = Release|Any CPU
		{F0AA33A6-1556-42D8-9B42-DD62EB759A44}.Debug|Any CPU.ActiveCfg = Debug|Any CPU
		{F0AA33A6-1556-42D8-9B42-DD62EB759A44}.Debug|Any CPU.Build.0 = Debug|Any CPU
		{F0AA33A6-1556-42D8-9B42-DD62EB759A44}.Release|Any CPU.ActiveCfg = Release|Any CPU
		{F0AA33A6-1556-42D8-9B42-DD62EB759A44}.Release|Any CPU.Build.0 = Release|Any CPU
		{59364E4F-32B0-458B-A4E3-10F3287F8BB8}.Debug|Any CPU.ActiveCfg = Debug|Any CPU
		{59364E4F-32B0-458B-A4E3-10F3287F8BB8}.Debug|Any CPU.Build.0 = Debug|Any CPU
		{59364E4F-32B0-458B-A4E3-10F3287F8BB8}.Release|Any CPU.ActiveCfg = Release|Any CPU
		{59364E4F-32B0-458B-A4E3-10F3287F8BB8}.Release|Any CPU.Build.0 = Release|Any CPU
	EndGlobalSection
	GlobalSection(SolutionProperties) = preSolution
		HideSolutionNode = FALSE
	EndGlobalSection
	GlobalSection(ExtensibilityGlobals) = postSolution
		SolutionGuid = {4D79C657-41F5-42BD-A682-848DF8B26CA2}
	EndGlobalSection
EndGlobal
